
Microsoft Visual Studio Solution File, Format Version 12.00
# Visual Studio Version 16
VisualStudioVersion = 16.0.32510.428
MinimumVisualStudioVersion = 10.0.40219.1
Project("{FAE04EC0-301F-11D3-BF4B-00C04F79EFBC}") = "HangFireAPI", "HangFireAPI\HangFireAPI.csproj", "{C3597FFE-4B9E-4F30-ACD8-80D1B9A50BF7}"
EndProject
Global
	GlobalSection(SolutionConfigurationPlatforms) = preSolution
		Debug|Any CPU = Debug|Any CPU
		Release|Any CPU = Release|Any CPU
	EndGlobalSection
	GlobalSection(ProjectConfigurationPlatforms) = postSolution
		{C3597FFE-4B9E-4F30-ACD8-80D1B9A50BF7}.Debug|Any CPU.ActiveCfg = Debug|Any CPU
		{C3597FFE-4B9E-4F30-ACD8-80D1B9A50BF7}.Debug|Any CPU.Build.0 = Debug|Any CPU
		{C3597FFE-4B9E-4F30-ACD8-80D1B9A50BF7}.Release|Any CPU.ActiveCfg = Release|Any CPU
		{C3597FFE-4B9E-4F30-ACD8-80D1B9A50BF7}.Release|Any CPU.Build.0 = Release|Any CPU
	EndGlobalSection
	GlobalSection(SolutionProperties) = preSolution
		HideSolutionNode = FALSE
	EndGlobalSection
	GlobalSection(ExtensibilityGlobals) = postSolution
		SolutionGuid = {E1A50FD3-F9E4-4577-B2C3-B48A49E35103}
	EndGlobalSection
EndGlobal
